
Microsoft Visual Studio Solution File, Format Version 12.00
# Visual Studio 15
VisualStudioVersion = 15.0.28307.572
MinimumVisualStudioVersion = 10.0.40219.1
Project("{FAE04EC0-301F-11D3-BF4B-00C04F79EFBC}") = "TUI", "TUI\TUI.csproj", "{FA55E710-6F33-411D-8D9E-B723129E4068}"
EndProject
Project("{FAE04EC0-301F-11D3-BF4B-00C04F79EFBC}") = "DataManagement", "DataAccess\DataManagement.csproj", "{7BD3FD2E-A50B-413B-B2DE-88A349F00B71}"
EndProject
Global
	GlobalSection(SolutionConfigurationPlatforms) = preSolution
		Debug|Any CPU = Debug|Any CPU
		Release|Any CPU = Release|Any CPU
	EndGlobalSection
	GlobalSection(ProjectConfigurationPlatforms) = postSolution
		{FA55E710-6F33-411D-8D9E-B723129E4068}.Debug|Any CPU.ActiveCfg = Debug|Any CPU
		{FA55E710-6F33-411D-8D9E-B723129E4068}.Debug|Any CPU.Build.0 = Debug|Any CPU
		{FA55E710-6F33-411D-8D9E-B723129E4068}.Release|Any CPU.ActiveCfg = Release|Any CPU
		{FA55E710-6F33-411D-8D9E-B723129E4068}.Release|Any CPU.Build.0 = Release|Any CPU
		{7BD3FD2E-A50B-413B-B2DE-88A349F00B71}.Debug|Any CPU.ActiveCfg = Debug|Any CPU
		{7BD3FD2E-A50B-413B-B2DE-88A349F00B71}.Debug|Any CPU.Build.0 = Debug|Any CPU
		{7BD3FD2E-A50B-413B-B2DE-88A349F00B71}.Release|Any CPU.ActiveCfg = Release|Any CPU
		{7BD3FD2E-A50B-413B-B2DE-88A349F00B71}.Release|Any CPU.Build.0 = Release|Any CPU
	EndGlobalSection
	GlobalSection(SolutionProperties) = preSolution
		HideSolutionNode = FALSE
	EndGlobalSection
	GlobalSection(ExtensibilityGlobals) = postSolution
		SolutionGuid = {B605E7D2-628A-48AD-9265-01AAA5EFBD34}
	EndGlobalSection
EndGlobal
